
Microsoft Visual Studio Solution File, Format Version 12.00
# Visual Studio Version 17
VisualStudioVersion = 17.7.34202.233
MinimumVisualStudioVersion = 10.0.40219.1
Project("{FAE04EC0-301F-11D3-BF4B-00C04F79EFBC}") = "P322310540TM", "P322310540TM.csproj", "{827B5790-09FF-479A-AC0B-B112DE8E0A00}"
EndProject
Global
	GlobalSection(SolutionConfigurationPlatforms) = preSolution
		Debug|Any CPU = Debug|Any CPU
		Release|Any CPU = Release|Any CPU
	EndGlobalSection
	GlobalSection(ProjectConfigurationPlatforms) = postSolution
		{827B5790-09FF-479A-AC0B-B112DE8E0A00}.Debug|Any CPU.ActiveCfg = Debug|Any CPU
		{827B5790-09FF-479A-AC0B-B112DE8E0A00}.Debug|Any CPU.Build.0 = Debug|Any CPU
		{827B5790-09FF-479A-AC0B-B112DE8E0A00}.Release|Any CPU.ActiveCfg = Release|Any CPU
		{827B5790-09FF-479A-AC0B-B112DE8E0A00}.Release|Any CPU.Build.0 = Release|Any CPU
	EndGlobalSection
	GlobalSection(SolutionProperties) = preSolution
		HideSolutionNode = FALSE
	EndGlobalSection
	GlobalSection(ExtensibilityGlobals) = postSolution
		SolutionGuid = {140FC129-3967-4645-B5E4-E17959864FFA}
	EndGlobalSection
EndGlobal
